
Microsoft Visual Studio Solution File, Format Version 12.00
# Visual Studio 15
VisualStudioVersion = 15.0.27004.2008
MinimumVisualStudioVersion = 10.0.40219.1
Project("{FAE04EC0-301F-11D3-BF4B-00C04F79EFBC}") = "LightweightPhotoSuite", "LightweightPhotoSuite\LightweightPhotoSuite.csproj", "{FEEBCF79-C548-41B9-9F62-F06A4B493948}"
EndProject
Global
	GlobalSection(SolutionConfigurationPlatforms) = preSolution
		Debug|Any CPU = Debug|Any CPU
		Release|Any CPU = Release|Any CPU
	EndGlobalSection
	GlobalSection(ProjectConfigurationPlatforms) = postSolution
		{FEEBCF79-C548-41B9-9F62-F06A4B493948}.Debug|Any CPU.ActiveCfg = Debug|Any CPU
		{FEEBCF79-C548-41B9-9F62-F06A4B493948}.Debug|Any CPU.Build.0 = Debug|Any CPU
		{FEEBCF79-C548-41B9-9F62-F06A4B493948}.Release|Any CPU.ActiveCfg = Release|Any CPU
		{FEEBCF79-C548-41B9-9F62-F06A4B493948}.Release|Any CPU.Build.0 = Release|Any CPU
	EndGlobalSection
	GlobalSection(SolutionProperties) = preSolution
		HideSolutionNode = FALSE
	EndGlobalSection
	GlobalSection(ExtensibilityGlobals) = postSolution
		SolutionGuid = {0B5F29B1-9BE6-481A-8B7D-583A6337FB8F}
	EndGlobalSection
EndGlobal
